
Microsoft Visual Studio Solution File, Format Version 12.00
# Visual Studio Version 17
VisualStudioVersion = 17.14.37012.4 d17.14
MinimumVisualStudioVersion = 10.0.40219.1
Project("{FAE04EC0-301F-11D3-BF4B-00C04F79EFBC}") = "WorldCupStats.WinForms", "WorldCupStats.WinForms\WorldCupStats.WinForms.csproj", "{44E8A855-2694-4FFA-991C-CD46A3A681FD}"
EndProject
Project("{FAE04EC0-301F-11D3-BF4B-00C04F79EFBC}") = "WorldCupStats.Data", "WorldCupStats.Data\WorldCupStats.Data.csproj", "{DD94E185-2077-4B24-9355-7ACB0260BB78}"
EndProject
Project("{FAE04EC0-301F-11D3-BF4B-00C04F79EFBC}") = "WorldCupStats.WPF", "WorldCupStats.WPF\WorldCupStats.WPF.csproj", "{C9815223-5266-4E8C-B7D9-564464DBED33}"
EndProject
Global
	GlobalSection(SolutionConfigurationPlatforms) = preSolution
		Debug|Any CPU = Debug|Any CPU
		Release|Any CPU = Release|Any CPU
	EndGlobalSection
	GlobalSection(ProjectConfigurationPlatforms) = postSolution
		{44E8A855-2694-4FFA-991C-CD46A3A681FD}.Debug|Any CPU.ActiveCfg = Debug|Any CPU
		{44E8A855-2694-4FFA-991C-CD46A3A681FD}.Debug|Any CPU.Build.0 = Debug|Any CPU
		{44E8A855-2694-4FFA-991C-CD46A3A681FD}.Release|Any CPU.ActiveCfg = Release|Any CPU
		{44E8A855-2694-4FFA-991C-CD46A3A681FD}.Release|Any CPU.Build.0 = Release|Any CPU
		{DD94E185-2077-4B24-9355-7ACB0260BB78}.Debug|Any CPU.ActiveCfg = Debug|Any CPU
		{DD94E185-2077-4B24-9355-7ACB0260BB78}.Debug|Any CPU.Build.0 = Debug|Any CPU
		{DD94E185-2077-4B24-9355-7ACB0260BB78}.Release|Any CPU.ActiveCfg = Release|Any CPU
		{DD94E185-2077-4B24-9355-7ACB0260BB78}.Release|Any CPU.Build.0 = Release|Any CPU
		{C9815223-5266-4E8C-B7D9-564464DBED33}.Debug|Any CPU.ActiveCfg = Debug|Any CPU
		{C9815223-5266-4E8C-B7D9-564464DBED33}.Debug|Any CPU.Build.0 = Debug|Any CPU
		{C9815223-5266-4E8C-B7D9-564464DBED33}.Release|Any CPU.ActiveCfg = Release|Any CPU
		{C9815223-5266-4E8C-B7D9-564464DBED33}.Release|Any CPU.Build.0 = Release|Any CPU
	EndGlobalSection
	GlobalSection(SolutionProperties) = preSolution
		HideSolutionNode = FALSE
	EndGlobalSection
	GlobalSection(ExtensibilityGlobals) = postSolution
		SolutionGuid = {0D3D151B-7123-4A32-A574-34F1FA63F35F}
	EndGlobalSection
EndGlobal
